
Microsoft Visual Studio Solution File, Format Version 12.00
# Visual Studio Version 16
VisualStudioVersion = 16.0.29519.87
MinimumVisualStudioVersion = 10.0.40219.1
Project("{FAE04EC0-301F-11D3-BF4B-00C04F79EFBC}") = "MvcMovie", "MvcMovie\MvcMovie.csproj", "{373E660B-564E-4FE2-891D-08586AA98487}"
EndProject
Global
	GlobalSection(SolutionConfigurationPlatforms) = preSolution
		Debug|Any CPU = Debug|Any CPU
		Release|Any CPU = Release|Any CPU
	EndGlobalSection
	GlobalSection(ProjectConfigurationPlatforms) = postSolution
		{373E660B-564E-4FE2-891D-08586AA98487}.Debug|Any CPU.ActiveCfg = Debug|Any CPU
		{373E660B-564E-4FE2-891D-08586AA98487}.Debug|Any CPU.Build.0 = Debug|Any CPU
		{373E660B-564E-4FE2-891D-08586AA98487}.Release|Any CPU.ActiveCfg = Release|Any CPU
		{373E660B-564E-4FE2-891D-08586AA98487}.Release|Any CPU.Build.0 = Release|Any CPU
	EndGlobalSection
	GlobalSection(SolutionProperties) = preSolution
		HideSolutionNode = FALSE
	EndGlobalSection
	GlobalSection(ExtensibilityGlobals) = postSolution
		SolutionGuid = {CDD0830C-5932-4C09-A7FF-BB377890E4E6}
	EndGlobalSection
EndGlobal
